// !$*UTF8*$!
{
	archiveVersion = 1;
	classes = {
	};
	objectVersion = 46;
	objects = {

/* Begin PBXBuildFile section */
		A8098ACC1C6A29C200EDDCF3 /* Addresses.swift in Sources */ = {isa = PBXBuildFile; fileRef = A8098AC11C6A29C200EDDCF3 /* Addresses.swift */; };
		A8098ACD1C6A29C200EDDCF3 /* Brands.swift in Sources */ = {isa = PBXBuildFile; fileRef = A8098AC21C6A29C200EDDCF3 /* Brands.swift */; };
		A8098ACE1C6A29C200EDDCF3 /* Carts.swift in Sources */ = {isa = PBXBuildFile; fileRef = A8098AC31C6A29C200EDDCF3 /* Carts.swift */; };
		A8098ACF1C6A29C200EDDCF3 /* Categories.swift in Sources */ = {isa = PBXBuildFile; fileRef = A8098AC41C6A29C200EDDCF3 /* Categories.swift */; };
		A8098AD01C6A29C200EDDCF3 /* Just.swift in Sources */ = {isa = PBXBuildFile; fileRef = A8098AC51C6A29C200EDDCF3 /* Just.swift */; };
		A8098AD11C6A29C300EDDCF3 /* Marketcloud.swift in Sources */ = {isa = PBXBuildFile; fileRef = A8098AC61C6A29C200EDDCF3 /* Marketcloud.swift */; };
		A8098AD21C6A29C300EDDCF3 /* Orders.swift in Sources */ = {isa = PBXBuildFile; fileRef = A8098AC71C6A29C200EDDCF3 /* Orders.swift */; };
		A8098AD31C6A29C300EDDCF3 /* Products.swift in Sources */ = {isa = PBXBuildFile; fileRef = A8098AC81C6A29C200EDDCF3 /* Products.swift */; };
		A8098AD41C6A29C300EDDCF3 /* Reachability.swift in Sources */ = {isa = PBXBuildFile; fileRef = A8098AC91C6A29C200EDDCF3 /* Reachability.swift */; };
		A8098AD51C6A29C300EDDCF3 /* Users.swift in Sources */ = {isa = PBXBuildFile; fileRef = A8098ACA1C6A29C200EDDCF3 /* Users.swift */; };
		A8098AD61C6A29C300EDDCF3 /* Utils.swift in Sources */ = {isa = PBXBuildFile; fileRef = A8098ACB1C6A29C200EDDCF3 /* Utils.swift */; };
		A817AEFE1C6A277C00883E3F /* MarketcloudSDK.h in Headers */ = {isa = PBXBuildFile; fileRef = A817AEFD1C6A277C00883E3F /* MarketcloudSDK.h */; settings = {ATTRIBUTES = (Public, ); }; };
/* End PBXBuildFile section */

/* Begin PBXFileReference section */
		A8098AC11C6A29C200EDDCF3 /* Addresses.swift */ = {isa = PBXFileReference; fileEncoding = 4; lastKnownFileType = sourcecode.swift; path = Addresses.swift; sourceTree = "<group>"; };
		A8098AC21C6A29C200EDDCF3 /* Brands.swift */ = {isa = PBXFileReference; fileEncoding = 4; lastKnownFileType = sourcecode.swift; path = Brands.swift; sourceTree = "<group>"; };
		A8098AC31C6A29C200EDDCF3 /* Carts.swift */ = {isa = PBXFileReference; fileEncoding = 4; lastKnownFileType = sourcecode.swift; path = Carts.swift; sourceTree = "<group>"; };
		A8098AC41C6A29C200EDDCF3 /* Categories.swift */ = {isa = PBXFileReference; fileEncoding = 4; lastKnownFileType = sourcecode.swift; path = Categories.swift; sourceTree = "<group>"; };
		A8098AC51C6A29C200EDDCF3 /* Just.swift */ = {isa = PBXFileReference; fileEncoding = 4; lastKnownFileType = sourcecode.swift; path = Just.swift; sourceTree = "<group>"; };
		A8098AC61C6A29C200EDDCF3 /* Marketcloud.swift */ = {isa = PBXFileReference; fileEncoding = 4; lastKnownFileType = sourcecode.swift; path = Marketcloud.swift; sourceTree = "<group>"; };
		A8098AC71C6A29C200EDDCF3 /* Orders.swift */ = {isa = PBXFileReference; fileEncoding = 4; lastKnownFileType = sourcecode.swift; path = Orders.swift; sourceTree = "<group>"; };
		A8098AC81C6A29C200EDDCF3 /* Products.swift */ = {isa = PBXFileReference; fileEncoding = 4; lastKnownFileType = sourcecode.swift; path = Products.swift; sourceTree = "<group>"; };
		A8098AC91C6A29C200EDDCF3 /* Reachability.swift */ = {isa = PBXFileReference; fileEncoding = 4; lastKnownFileType = sourcecode.swift; path = Reachability.swift; sourceTree = "<group>"; };
		A8098ACA1C6A29C200EDDCF3 /* Users.swift */ = {isa = PBXFileReference; fileEncoding = 4; lastKnownFileType = sourcecode.swift; path = Users.swift; sourceTree = "<group>"; };
		A8098ACB1C6A29C200EDDCF3 /* Utils.swift */ = {isa = PBXFileReference; fileEncoding = 4; lastKnownFileType = sourcecode.swift; path = Utils.swift; sourceTree = "<group>"; };
		A817AEFA1C6A277C00883E3F /* Marketcloud.framework */ = {isa = PBXFileReference; explicitFileType = wrapper.framework; includeInIndex = 0; path = Marketcloud.framework; sourceTree = BUILT_PRODUCTS_DIR; };
		A817AEFD1C6A277C00883E3F /* MarketcloudSDK.h */ = {isa = PBXFileReference; lastKnownFileType = sourcecode.c.h; path = MarketcloudSDK.h; sourceTree = "<group>"; };
		A817AEFF1C6A277C00883E3F /* Info.plist */ = {isa = PBXFileReference; lastKnownFileType = text.plist.xml; path = Info.plist; sourceTree = "<group>"; };
/* End PBXFileReference section */

/* Begin PBXFrameworksBuildPhase section */
		A817AEF61C6A277C00883E3F /* Frameworks */ = {
			isa = PBXFrameworksBuildPhase;
			buildActionMask = 2147483647;
			files = (
			);
			runOnlyForDeploymentPostprocessing = 0;
		};
/* End PBXFrameworksBuildPhase section */

/* Begin PBXGroup section */
		A817AEF01C6A277C00883E3F = {
			isa = PBXGroup;
			children = (
				A817AEFC1C6A277C00883E3F /* Marketcloud */,
				A817AEFB1C6A277C00883E3F /* Products */,
			);
			sourceTree = "<group>";
		};
		A817AEFB1C6A277C00883E3F /* Products */ = {
			isa = PBXGroup;
			children = (
				A817AEFA1C6A277C00883E3F /* Marketcloud.framework */,
			);
			name = Products;
			sourceTree = "<group>";
		};
		A817AEFC1C6A277C00883E3F /* Marketcloud */ = {
			isa = PBXGroup;
			children = (
				A8098AC11C6A29C200EDDCF3 /* Addresses.swift */,
				A8098AC21C6A29C200EDDCF3 /* Brands.swift */,
				A8098AC31C6A29C200EDDCF3 /* Carts.swift */,
				A8098AC41C6A29C200EDDCF3 /* Categories.swift */,
				A8098AC51C6A29C200EDDCF3 /* Just.swift */,
				A8098AC61C6A29C200EDDCF3 /* Marketcloud.swift */,
				A8098AC71C6A29C200EDDCF3 /* Orders.swift */,
				A8098AC81C6A29C200EDDCF3 /* Products.swift */,
				A8098AC91C6A29C200EDDCF3 /* Reachability.swift */,
				A8098ACA1C6A29C200EDDCF3 /* Users.swift */,
				A8098ACB1C6A29C200EDDCF3 /* Utils.swift */,
				A817AEFD1C6A277C00883E3F /* MarketcloudSDK.h */,
				A817AEFF1C6A277C00883E3F /* Info.plist */,
			);
			name = Marketcloud;
			path = MarketcloudSDK;
			sourceTree = "<group>";
		};
/* End PBXGroup section */

/* Begin PBXHeadersBuildPhase section */
		A817AEF71C6A277C00883E3F /* Headers */ = {
			isa = PBXHeadersBuildPhase;
			buildActionMask = 2147483647;
			files = (
				A817AEFE1C6A277C00883E3F /* MarketcloudSDK.h in Headers */,
			);
			runOnlyForDeploymentPostprocessing = 0;
		};
/* End PBXHeadersBuildPhase section */

/* Begin PBXNativeTarget section */
		A817AEF91C6A277C00883E3F /* Marketcloud */ = {
			isa = PBXNativeTarget;
			buildConfigurationList = A817AF021C6A277C00883E3F /* Build configuration list for PBXNativeTarget "Marketcloud" */;
			buildPhases = (
				A817AEF51C6A277C00883E3F /* Sources */,
				A817AEF61C6A277C00883E3F /* Frameworks */,
				A817AEF71C6A277C00883E3F /* Headers */,
				A817AEF81C6A277C00883E3F /* Resources */,
			);
			buildRules = (
			);
			dependencies = (
			);
			name = Marketcloud;
			productName = MarketcloudSDK;
			productReference = A817AEFA1C6A277C00883E3F /* Marketcloud.framework */;
			productType = "com.apple.product-type.framework";
		};
/* End PBXNativeTarget section */

/* Begin PBXProject section */
		A817AEF11C6A277C00883E3F /* Project object */ = {
			isa = PBXProject;
			attributes = {
				LastUpgradeCheck = 0720;
				ORGANIZATIONNAME = Mirco_lcl;
				TargetAttributes = {
					A817AEF91C6A277C00883E3F = {
						CreatedOnToolsVersion = 7.2;
						DevelopmentTeam = X9N85FC3RS;
					};
				};
			};
			buildConfigurationList = A817AEF41C6A277C00883E3F /* Build configuration list for PBXProject "Marketcloud" */;
			compatibilityVersion = "Xcode 3.2";
			developmentRegion = English;
			hasScannedForEncodings = 0;
			knownRegions = (
				en,
			);
			mainGroup = A817AEF01C6A277C00883E3F;
			productRefGroup = A817AEFB1C6A277C00883E3F /* Products */;
			projectDirPath = "";
			projectRoot = "";
			targets = (
				A817AEF91C6A277C00883E3F /* Marketcloud */,
			);
		};
/* End PBXProject section */

/* Begin PBXResourcesBuildPhase section */
		A817AEF81C6A277C00883E3F /* Resources */ = {
			isa = PBXResourcesBuildPhase;
			buildActionMask = 2147483647;
			files = (
			);
			runOnlyForDeploymentPostprocessing = 0;
		};
/* End PBXResourcesBuildPhase section */

/* Begin PBXSourcesBuildPhase section */
		A817AEF51C6A277C00883E3F /* Sources */ = {
			isa = PBXSourcesBuildPhase;
			buildActionMask = 2147483647;
			files = (
				A8098ACC1C6A29C200EDDCF3 /* Addresses.swift in Sources */,
				A8098AD21C6A29C300EDDCF3 /* Orders.swift in Sources */,
				A8098AD51C6A29C300EDDCF3 /* Users.swift in Sources */,
				A8098ACF1C6A29C200EDDCF3 /* Categories.swift in Sources */,
				A8098ACE1C6A29C200EDDCF3 /* Carts.swift in Sources */,
				A8098AD01C6A29C200EDDCF3 /* Just.swift in Sources */,
				A8098AD41C6A29C300EDDCF3 /* Reachability.swift in Sources */,
				A8098AD61C6A29C300EDDCF3 /* Utils.swift in Sources */,
				A8098AD31C6A29C300EDDCF3 /* Products.swift in Sources */,
				A8098ACD1C6A29C200EDDCF3 /* Brands.swift in Sources */,
				A8098AD11C6A29C300EDDCF3 /* Marketcloud.swift in Sources */,
			);
			runOnlyForDeploymentPostprocessing = 0;
		};
/* End PBXSourcesBuildPhase section */

/* Begin XCBuildConfiguration section */
		A817AF001C6A277C00883E3F /* Debug */ = {
			isa = XCBuildConfiguration;
			buildSettings = {
				ALWAYS_SEARCH_USER_PATHS = NO;
				CLANG_CXX_LANGUAGE_STANDARD = "gnu++0x";
				CLANG_CXX_LIBRARY = "libc++";
				CLANG_ENABLE_MODULES = YES;
				CLANG_ENABLE_OBJC_ARC = YES;
				CLANG_WARN_BOOL_CONVERSION = YES;
				CLANG_WARN_CONSTANT_CONVERSION = YES;
				CLANG_WARN_DIRECT_OBJC_ISA_USAGE = YES_ERROR;
				CLANG_WARN_EMPTY_BODY = YES;
				CLANG_WARN_ENUM_CONVERSION = YES;
				CLANG_WARN_INT_CONVERSION = YES;
				CLANG_WARN_OBJC_ROOT_CLASS = YES_ERROR;
				CLANG_WARN_UNREACHABLE_CODE = YES;
				CLANG_WARN__DUPLICATE_METHOD_MATCH = YES;
				"CODE_SIGN_IDENTITY[sdk=iphoneos*]" = "iPhone Developer";
				COPY_PHASE_STRIP = NO;
				CURRENT_PROJECT_VERSION = 1;
				DEBUG_INFORMATION_FORMAT = dwarf;
				ENABLE_STRICT_OBJC_MSGSEND = YES;
				ENABLE_TESTABILITY = YES;
				GCC_C_LANGUAGE_STANDARD = gnu99;
				GCC_DYNAMIC_NO_PIC = NO;
				GCC_NO_COMMON_BLOCKS = YES;
				GCC_OPTIMIZATION_LEVEL = 0;
				GCC_PREPROCESSOR_DEFINITIONS = (
					"DEBUG=1",
					"$(inherited)",
				);
				GCC_WARN_64_TO_32_BIT_CONVERSION = YES;
				GCC_WARN_ABOUT_RETURN_TYPE = YES_ERROR;
				GCC_WARN_UNDECLARED_SELECTOR = YES;
				GCC_WARN_UNINITIALIZED_AUTOS = YES_AGGRESSIVE;
				GCC_WARN_UNUSED_FUNCTION = YES;
				GCC_WARN_UNUSED_VARIABLE = YES;
				IPHONEOS_DEPLOYMENT_TARGET = 9.2;
				MTL_ENABLE_DEBUG_INFO = YES;
				ONLY_ACTIVE_ARCH = YES;
				SDKROOT = iphoneos;
				SWIFT_OPTIMIZATION_LEVEL = "-Onone";
				TARGETED_DEVICE_FAMILY = "1,2";
				VERSIONING_SYSTEM = "apple-generic";
				VERSION_INFO_PREFIX = "";
			};
			name = Debug;
		};
		A817AF011C6A277C00883E3F /* Release */ = {
			isa = XCBuildConfiguration;
			buildSettings = {
				ALWAYS_SEARCH_USER_PATHS = NO;
				CLANG_CXX_LANGUAGE_STANDARD = "gnu++0x";
				CLANG_CXX_LIBRARY = "libc++";
				CLANG_ENABLE_MODULES = YES;
				CLANG_ENABLE_OBJC_ARC = YES;
				CLANG_WARN_BOOL_CONVERSION = YES;
				CLANG_WARN_CONSTANT_CONVERSION = YES;
				CLANG_WARN_DIRECT_OBJC_ISA_USAGE = YES_ERROR;
				CLANG_WARN_EMPTY_BODY = YES;
				CLANG_WARN_ENUM_CONVERSION = YES;
				CLANG_WARN_INT_CONVERSION = YES;
				CLANG_WARN_OBJC_ROOT_CLASS = YES_ERROR;
				CLANG_WARN_UNREACHABLE_CODE = YES;
				CLANG_WARN__DUPLICATE_METHOD_MATCH = YES;
				"CODE_SIGN_IDENTITY[sdk=iphoneos*]" = "iPhone Developer";
				COPY_PHASE_STRIP = NO;
				CURRENT_PROJECT_VERSION = 1;
				DEBUG_INFORMATION_FORMAT = "dwarf-with-dsym";
				ENABLE_NS_ASSERTIONS = NO;
				ENABLE_STRICT_OBJC_MSGSEND = YES;
				GCC_C_LANGUAGE_STANDARD = gnu99;
				GCC_NO_COMMON_BLOCKS = YES;
				GCC_WARN_64_TO_32_BIT_CONVERSION = YES;
				GCC_WARN_ABOUT_RETURN_TYPE = YES_ERROR;
				GCC_WARN_UNDECLARED_SELECTOR = YES;
				GCC_WARN_UNINITIALIZED_AUTOS = YES_AGGRESSIVE;
				GCC_WARN_UNUSED_FUNCTION = YES;
				GCC_WARN_UNUSED_VARIABLE = YES;
				IPHONEOS_DEPLOYMENT_TARGET = 9.2;
				MTL_ENABLE_DEBUG_INFO = NO;
				SDKROOT = iphoneos;
				TARGETED_DEVICE_FAMILY = "1,2";
				VALIDATE_PRODUCT = YES;
				VERSIONING_SYSTEM = "apple-generic";
				VERSION_INFO_PREFIX = "";
			};
			name = Release;
		};
		A817AF031C6A277C00883E3F /* Debug */ = {
			isa = XCBuildConfiguration;
			buildSettings = {
				CLANG_ENABLE_MODULES = YES;
				DEFINES_MODULE = YES;
				DYLIB_COMPATIBILITY_VERSION = 1;
				DYLIB_CURRENT_VERSION = 1;
				DYLIB_INSTALL_NAME_BASE = "@rpath";
				INFOPLIST_FILE = MarketcloudSDK/Info.plist;
				INSTALL_PATH = "$(LOCAL_LIBRARY_DIR)/Frameworks";
				LD_RUNPATH_SEARCH_PATHS = "$(inherited) @executable_path/Frameworks @loader_path/Frameworks";
				PRODUCT_BUNDLE_IDENTIFIER = "Mirco-lcl.Marketcloud";
				PRODUCT_NAME = Marketcloud;
				SKIP_INSTALL = YES;
				SWIFT_OPTIMIZATION_LEVEL = "-Onone";
			};
			name = Debug;
		};
		A817AF041C6A277C00883E3F /* Release */ = {
			isa = XCBuildConfiguration;
			buildSettings = {
				CLANG_ENABLE_MODULES = YES;
				DEFINES_MODULE = YES;
				DYLIB_COMPATIBILITY_VERSION = 1;
				DYLIB_CURRENT_VERSION = 1;
				DYLIB_INSTALL_NAME_BASE = "@rpath";
				INFOPLIST_FILE = MarketcloudSDK/Info.plist;
				INSTALL_PATH = "$(LOCAL_LIBRARY_DIR)/Frameworks";
				LD_RUNPATH_SEARCH_PATHS = "$(inherited) @executable_path/Frameworks @loader_path/Frameworks";
				PRODUCT_BUNDLE_IDENTIFIER = "Mirco-lcl.Marketcloud";
				PRODUCT_NAME = Marketcloud;
				SKIP_INSTALL = YES;
			};
			name = Release;
		};
/* End XCBuildConfiguration section */

/* Begin XCConfigurationList section */
		A817AEF41C6A277C00883E3F /* Build configuration list for PBXProject "Marketcloud" */ = {
			isa = XCConfigurationList;
			buildConfigurations = (
				A817AF001C6A277C00883E3F /* Debug */,
				A817AF011C6A277C00883E3F /* Release */,
			);
			defaultConfigurationIsVisible = 0;
			defaultConfigurationName = Release;
		};
		A817AF021C6A277C00883E3F /* Build configuration list for PBXNativeTarget "Marketcloud" */ = {
			isa = XCConfigurationList;
			buildConfigurations = (
				A817AF031C6A277C00883E3F /* Debug */,
				A817AF041C6A277C00883E3F /* Release */,
			);
			defaultConfigurationIsVisible = 0;
			defaultConfigurationName = Release;
		};
/* End XCConfigurationList section */
	};
	rootObject = A817AEF11C6A277C00883E3F /* Project object */;
}
